
Microsoft Visual Studio Solution File, Format Version 12.00
# Visual Studio Version 17
VisualStudioVersion = 17.6.33829.357
MinimumVisualStudioVersion = 10.0.40219.1
Project("{FAE04EC0-301F-11D3-BF4B-00C04F79EFBC}") = "ExtetionTask", "ExtetionTask\ExtetionTask.csproj", "{9938A5B5-4232-42EB-84E8-CFE7841E3F4C}"
EndProject
Global
	GlobalSection(SolutionConfigurationPlatforms) = preSolution
		Debug|Any CPU = Debug|Any CPU
		Release|Any CPU = Release|Any CPU
	EndGlobalSection
	GlobalSection(ProjectConfigurationPlatforms) = postSolution
		{9938A5B5-4232-42EB-84E8-CFE7841E3F4C}.Debug|Any CPU.ActiveCfg = Debug|Any CPU
		{9938A5B5-4232-42EB-84E8-CFE7841E3F4C}.Debug|Any CPU.Build.0 = Debug|Any CPU
		{9938A5B5-4232-42EB-84E8-CFE7841E3F4C}.Release|Any CPU.ActiveCfg = Release|Any CPU
		{9938A5B5-4232-42EB-84E8-CFE7841E3F4C}.Release|Any CPU.Build.0 = Release|Any CPU
	EndGlobalSection
	GlobalSection(SolutionProperties) = preSolution
		HideSolutionNode = FALSE
	EndGlobalSection
	GlobalSection(ExtensibilityGlobals) = postSolution
		SolutionGuid = {F5A79403-1DF3-48AE-BFD9-698CBD89129D}
	EndGlobalSection
EndGlobal
